
Microsoft Visual Studio Solution File, Format Version 12.00
# Visual Studio Version 17
VisualStudioVersion = 17.14.36414.22
MinimumVisualStudioVersion = 10.0.40219.1
Project("{FAE04EC0-301F-11D3-BF4B-00C04F79EFBC}") = "ShengalsRE_01_05", "ShengalsRE_01_05.csproj", "{83C0764C-EFE9-48A2-BCA0-B3667D5DEAFB}"
EndProject
Project("{FAE04EC0-301F-11D3-BF4B-00C04F79EFBC}") = "ShengalsRE_Test_01_05", "..\ShengalsRE_Test_01_05\ShengalsRE_Test_01_05.csproj", "{3E725493-842E-4FA0-833B-326EACF547F9}"
EndProject
Global
	GlobalSection(SolutionConfigurationPlatforms) = preSolution
		Debug|Any CPU = Debug|Any CPU
		Release|Any CPU = Release|Any CPU
	EndGlobalSection
	GlobalSection(ProjectConfigurationPlatforms) = postSolution
		{83C0764C-EFE9-48A2-BCA0-B3667D5DEAFB}.Debug|Any CPU.ActiveCfg = Debug|Any CPU
		{83C0764C-EFE9-48A2-BCA0-B3667D5DEAFB}.Debug|Any CPU.Build.0 = Debug|Any CPU
		{83C0764C-EFE9-48A2-BCA0-B3667D5DEAFB}.Release|Any CPU.ActiveCfg = Release|Any CPU
		{83C0764C-EFE9-48A2-BCA0-B3667D5DEAFB}.Release|Any CPU.Build.0 = Release|Any CPU
		{3E725493-842E-4FA0-833B-326EACF547F9}.Debug|Any CPU.ActiveCfg = Debug|Any CPU
		{3E725493-842E-4FA0-833B-326EACF547F9}.Debug|Any CPU.Build.0 = Debug|Any CPU
		{3E725493-842E-4FA0-833B-326EACF547F9}.Release|Any CPU.ActiveCfg = Release|Any CPU
		{3E725493-842E-4FA0-833B-326EACF547F9}.Release|Any CPU.Build.0 = Release|Any CPU
	EndGlobalSection
	GlobalSection(SolutionProperties) = preSolution
		HideSolutionNode = FALSE
	EndGlobalSection
	GlobalSection(ExtensibilityGlobals) = postSolution
		SolutionGuid = {3056609E-DBC2-40E8-9DCD-D5CEAC1FAC36}
	EndGlobalSection
EndGlobal
